
Microsoft Visual Studio Solution File, Format Version 12.00
# Visual Studio Version 17
VisualStudioVersion = 17.4.33213.308
MinimumVisualStudioVersion = 10.0.40219.1
Project("{FAE04EC0-301F-11D3-BF4B-00C04F79EFBC}") = "Facturacion2", "Facturacion2\Facturacion2.csproj", "{29A27573-01B7-4B0F-8968-EF4C42101C29}"
EndProject
Global
	GlobalSection(SolutionConfigurationPlatforms) = preSolution
		Debug|Any CPU = Debug|Any CPU
		Release|Any CPU = Release|Any CPU
	EndGlobalSection
	GlobalSection(ProjectConfigurationPlatforms) = postSolution
		{29A27573-01B7-4B0F-8968-EF4C42101C29}.Debug|Any CPU.ActiveCfg = Debug|Any CPU
		{29A27573-01B7-4B0F-8968-EF4C42101C29}.Debug|Any CPU.Build.0 = Debug|Any CPU
		{29A27573-01B7-4B0F-8968-EF4C42101C29}.Release|Any CPU.ActiveCfg = Release|Any CPU
		{29A27573-01B7-4B0F-8968-EF4C42101C29}.Release|Any CPU.Build.0 = Release|Any CPU
	EndGlobalSection
	GlobalSection(SolutionProperties) = preSolution
		HideSolutionNode = FALSE
	EndGlobalSection
	GlobalSection(ExtensibilityGlobals) = postSolution
		SolutionGuid = {288D7F95-CB8A-4818-8E63-BBE357BAA13A}
	EndGlobalSection
EndGlobal
